<?xml version="1.0" encoding="utf-8"?>
<Project ToolsVersion="4.0" xmlns="http://schemas.microsoft.com/developer/msbuild/2003">
  <ItemGroup>
    <Filter Include="Source Files">
      <UniqueIdentifier>{4FC737F1-C7A5-4376-A066-2A32D752A2FF}</UniqueIdentifier>
      <Extensions>cpp;c;cc;cxx;def;odl;idl;hpj;bat;asm;asmx</Extensions>
    </Filter>
    <Filter Include="Header Files">
      <UniqueIdentifier>{93995380-89BD-4b04-88EB-625FBE52EBFB}</UniqueIdentifier>
      <Extensions>h;hh;hpp;hxx;hm;inl;inc;ipp;xsd</Extensions>
    </Filter>
    <Filter Include="HLSL Shaders">
      <UniqueIdentifier>{7ea9a3da-f128-42c3-8be7-a89874ade730}</UniqueIdentifier>
    </Filter>
    <Filter Include="Module Definition File">
      <UniqueIdentifier>{5c319777-824d-4c27-bd92-e0e1db49226d}</UniqueIdentifier>
    </Filter>
    <Filter Include="Source Files\Assembly Code">
      <UniqueIdentifier>{d30d6925-63ee-46ed-95cd-8e5fe773c52f}</UniqueIdentifier>
    </Filter>
  </ItemGroup>
  <ItemGroup>
    <ClInclude Include="Core.h">
      <Filter>Header Files</Filter>
    </ClInclude>
    <ClInclude Include="DebugConsole.h">
      <Filter>Header Files</Filter>
    </ClInclude>
    <ClInclude Include="Fonts.h">
      <Filter>Header Files</Filter>
    </ClInclude>
    <ClInclude Include="Renderer.h">
      <Filter>Header Files</Filter>
    </ClInclude>
    <ClInclude Include="Textures.h">
      <Filter>Header Files</Filter>
    </ClInclude>
    <ClInclude Include="SigScanner.h">
      <Filter>Header Files</Filter>
    </ClInclude>
    <ClInclude Include="Overlay.h">
      <Filter>Header Files</Filter>
    </ClInclude>
    <ClInclude Include="CustomElements.h">
      <Filter>Header Files</Filter>
    </ClInclude>
    <ClInclude Include="CustomAttributes.h">
      <Filter>Header Files</Filter>
    </ClInclude>
  </ItemGroup>
  <ItemGroup>
    <ClCompile Include="Core.cpp">
      <Filter>Source Files</Filter>
    </ClCompile>
    <ClCompile Include="DebugConsole.cpp">
      <Filter>Source Files</Filter>
    </ClCompile>
    <ClCompile Include="DllMain.cpp">
      <Filter>Source Files</Filter>
    </ClCompile>
    <ClCompile Include="Fonts.cpp">
      <Filter>Source Files</Filter>
    </ClCompile>
    <ClCompile Include="Renderer.cpp">
      <Filter>Source Files</Filter>
    </ClCompile>
    <ClCompile Include="Textures.cpp">
      <Filter>Source Files</Filter>
    </ClCompile>
    <ClCompile Include="SigScanner.cpp">
      <Filter>Source Files</Filter>
    </ClCompile>
    <ClCompile Include="Overlay.cpp">
      <Filter>Source Files</Filter>
    </ClCompile>
    <ClCompile Include="CustomOverlay.cpp">
      <Filter>Source Files</Filter>
    </ClCompile>
  </ItemGroup>
  <ItemGroup>
    <None Include="dxgi.def">
      <Filter>Module Definition File</Filter>
    </None>
    <None Include="packages.config" />
  </ItemGroup>
  <ItemGroup>
    <MASM Include="JmpToAddr.asm">
      <Filter>Source Files\Assembly Code</Filter>
    </MASM>
    <MASM Include="JmpToAddr64.asm">
      <Filter>Source Files\Assembly Code</Filter>
    </MASM>
  </ItemGroup>
  <ItemGroup>
    <FxCompile Include="Shaders.hlsl">
      <Filter>HLSL Shaders</Filter>
    </FxCompile>
  </ItemGroup>
</Project>