<?xml version="1.0" encoding="utf-8"?>
<Project ToolsVersion="4.0" xmlns="http://schemas.microsoft.com/developer/msbuild/2003">
  <ItemGroup>
    <Filter Include="Source Files">
      <UniqueIdentifier>{4FC737F1-C7A5-4376-A066-2A32D752A2FF}</UniqueIdentifier>
      <Extensions>cpp;c;cc;cxx;def;odl;idl;hpj;bat;asm;asmx</Extensions>
    </Filter>
    <Filter Include="Header Files">
      <UniqueIdentifier>{93995380-89BD-4b04-88EB-625FBE52EBFB}</UniqueIdentifier>
      <Extensions>h;hh;hpp;hxx;hm;inl;inc;ipp;xsd</Extensions>
    </Filter>
    <Filter Include="Module Definition File">
      <UniqueIdentifier>{5c319777-824d-4c27-bd92-e0e1db49226d}</UniqueIdentifier>
    </Filter>
    <Filter Include="Source Files\Assembly Code">
      <UniqueIdentifier>{d30d6925-63ee-46ed-95cd-8e5fe773c52f}</UniqueIdentifier>
    </Filter>
    <Filter Include="Overlays">
      <UniqueIdentifier>{6931652b-81b5-49cf-a31b-a859dd5f61a2}</UniqueIdentifier>
    </Filter>
    <Filter Include="Overlays\RiseDpsMeter">
      <UniqueIdentifier>{7669d797-de0d-47f6-a356-8a491a3a72a6}</UniqueIdentifier>
    </Filter>
    <Filter Include="HLSL Shader">
      <UniqueIdentifier>{7ea9a3da-f128-42c3-8be7-a89874ade730}</UniqueIdentifier>
    </Filter>
    <Filter Include="Overlays\Example">
      <UniqueIdentifier>{255597e7-70b6-4b01-bbba-9dc8ab156978}</UniqueIdentifier>
    </Filter>
    <Filter Include="Overlays\PauseEldenRing">
      <UniqueIdentifier>{d5b60587-b943-4576-89a7-518c38fc4caf}</UniqueIdentifier>
    </Filter>
  </ItemGroup>
  <ItemGroup>
    <ClInclude Include="Renderer.h">
      <Filter>Header Files</Filter>
    </ClInclude>
    <ClInclude Include="DirectXHook.h">
      <Filter>Header Files</Filter>
    </ClInclude>
    <ClInclude Include="OverlayFramework.h">
      <Filter>Header Files</Filter>
    </ClInclude>
    <ClInclude Include="IRenderCallback.h">
      <Filter>Header Files</Filter>
    </ClInclude>
    <ClInclude Include="Overlays\RiseDpsMeter\RiseDpsMeter.h">
      <Filter>Overlays\RiseDpsMeter</Filter>
    </ClInclude>
    <ClInclude Include="Overlays\Example\Example.h">
      <Filter>Overlays\Example</Filter>
    </ClInclude>
    <ClInclude Include="Overlays\PauseEldenRing\PauseEldenRing.h">
      <Filter>Overlays\PauseEldenRing</Filter>
    </ClInclude>
  </ItemGroup>
  <ItemGroup>
    <ClCompile Include="DllMain.cpp">
      <Filter>Source Files</Filter>
    </ClCompile>
    <ClCompile Include="Renderer.cpp">
      <Filter>Source Files</Filter>
    </ClCompile>
    <ClCompile Include="DirectXHook.cpp">
      <Filter>Source Files</Filter>
    </ClCompile>
    <ClCompile Include="Overlays\RiseDpsMeter\RiseDpsMeter.cpp">
      <Filter>Overlays\RiseDpsMeter</Filter>
    </ClCompile>
    <ClCompile Include="Overlays\Example\Example.cpp">
      <Filter>Overlays\Example</Filter>
    </ClCompile>
    <ClCompile Include="Overlays\PauseEldenRing\PauseEldenRing.cpp">
      <Filter>Overlays\PauseEldenRing</Filter>
    </ClCompile>
  </ItemGroup>
  <ItemGroup>
    <None Include="dxgi.def">
      <Filter>Module Definition File</Filter>
    </None>
    <None Include="packages.config" />
  </ItemGroup>
  <ItemGroup>
    <FxCompile Include="Shaders.hlsl">
      <Filter>HLSL Shader</Filter>
    </FxCompile>
  </ItemGroup>
  <ItemGroup>
    <MASM Include="JmpToAddr.asm">
      <Filter>Source Files\Assembly Code</Filter>
    </MASM>
  </ItemGroup>
</Project>